{
  "name": "stencil-flower",
  "version": "0.0.1",
  "lockfileVersion": 1,
  "requires": true,
  "dependencies": {
    "@stencil/core": {
      "version": "1.1.5",
      "resolved": "https://registry.npmjs.org/@stencil/core/-/core-1.1.5.tgz",
      "integrity": "sha512-rfDox0TYA7FnTbNtrsI1N9Emny3VW84ZhyxYD7rkVWqo2iDAeVU8BhHtQYkPhrXoaN97QJt8PBwF1PtLFYfK2Q==",
      "requires": {
        "typescript": "3.5.2"
      }
    },
    "typescript": {
      "version": "3.5.2",
      "resolved": "https://registry.npmjs.org/typescript/-/typescript-3.5.2.tgz",
      "integrity": "sha512-7KxJovlYhTX5RaRbUdkAXN1KUZ8PwWlTzQdHV6xNqvuFOs7+WBo10TQUqT19Q/Jz2hk5v9TQDIhyLhhJY4p5AA=="
    }
  }
}
